
Microsoft Visual Studio Solution File, Format Version 12.00
# Visual Studio Version 17
VisualStudioVersion = 17.9.34616.47
MinimumVisualStudioVersion = 10.0.40219.1
Project("{FAE04EC0-301F-11D3-BF4B-00C04F79EFBC}") = "CRUDReactMVC.Server", "CRUDReactMVC.Server\CRUDReactMVC.Server.csproj", "{9E72C6EC-E7D5-43AE-A30A-55FB6FFA5121}"
EndProject
Project("{54A90642-561A-4BB1-A94E-469ADEE60C69}") = "crudreactmvc.client", "crudreactmvc.client\crudreactmvc.client.esproj", "{A83DA687-E0E0-4CFE-BF40-793153218ED9}"
EndProject
Global
	GlobalSection(SolutionConfigurationPlatforms) = preSolution
		Debug|Any CPU = Debug|Any CPU
		Release|Any CPU = Release|Any CPU
	EndGlobalSection
	GlobalSection(ProjectConfigurationPlatforms) = postSolution
		{9E72C6EC-E7D5-43AE-A30A-55FB6FFA5121}.Debug|Any CPU.ActiveCfg = Debug|Any CPU
		{9E72C6EC-E7D5-43AE-A30A-55FB6FFA5121}.Debug|Any CPU.Build.0 = Debug|Any CPU
		{9E72C6EC-E7D5-43AE-A30A-55FB6FFA5121}.Release|Any CPU.ActiveCfg = Release|Any CPU
		{9E72C6EC-E7D5-43AE-A30A-55FB6FFA5121}.Release|Any CPU.Build.0 = Release|Any CPU
		{A83DA687-E0E0-4CFE-BF40-793153218ED9}.Debug|Any CPU.ActiveCfg = Debug|Any CPU
		{A83DA687-E0E0-4CFE-BF40-793153218ED9}.Debug|Any CPU.Build.0 = Debug|Any CPU
		{A83DA687-E0E0-4CFE-BF40-793153218ED9}.Debug|Any CPU.Deploy.0 = Debug|Any CPU
		{A83DA687-E0E0-4CFE-BF40-793153218ED9}.Release|Any CPU.ActiveCfg = Release|Any CPU
		{A83DA687-E0E0-4CFE-BF40-793153218ED9}.Release|Any CPU.Build.0 = Release|Any CPU
		{A83DA687-E0E0-4CFE-BF40-793153218ED9}.Release|Any CPU.Deploy.0 = Release|Any CPU
	EndGlobalSection
	GlobalSection(SolutionProperties) = preSolution
		HideSolutionNode = FALSE
	EndGlobalSection
	GlobalSection(ExtensibilityGlobals) = postSolution
		SolutionGuid = {0CC6A224-05B5-49D0-9A38-2DD8CC782748}
	EndGlobalSection
EndGlobal
